// !$*UTF8*$!
{
	archiveVersion = 1;
	classes = {
	};
	objectVersion = 56;
	objects = {

/* Begin PBXBuildFile section */
		030D041D29474AD400099739 /* UIColor.swift in Sources */ = {isa = PBXBuildFile; fileRef = 030D041C29474AD400099739 /* UIColor.swift */; };
		030D041F29474F0300099739 /* TransactionRepositoryProtocol.swift in Sources */ = {isa = PBXBuildFile; fileRef = 030D041E29474F0300099739 /* TransactionRepositoryProtocol.swift */; };
		033F9C3E2958D171006A4399 /* README.md in Resources */ = {isa = PBXBuildFile; fileRef = 033F9C3D2958D171006A4399 /* README.md */; };
		034243F229581BF9008B43E0 /* DateFormmater.swift in Sources */ = {isa = PBXBuildFile; fileRef = 034243F129581BF9008B43E0 /* DateFormmater.swift */; };
		034243F429582217008B43E0 /* String.swift in Sources */ = {isa = PBXBuildFile; fileRef = 034243F329582217008B43E0 /* String.swift */; };
		034243F62958226B008B43E0 /* Date.swift in Sources */ = {isa = PBXBuildFile; fileRef = 034243F52958226B008B43E0 /* Date.swift */; };
		03A05CE12934E4A6007ED1FA /* AppDelegate.swift in Sources */ = {isa = PBXBuildFile; fileRef = 03A05CE02934E4A6007ED1FA /* AppDelegate.swift */; };
		03A05CE52934E4A6007ED1FA /* TransactionsViewController.swift in Sources */ = {isa = PBXBuildFile; fileRef = 03A05CE42934E4A6007ED1FA /* TransactionsViewController.swift */; };
		03A05CEA2934E4A8007ED1FA /* Assets.xcassets in Resources */ = {isa = PBXBuildFile; fileRef = 03A05CE92934E4A8007ED1FA /* Assets.xcassets */; };
		03A05CED2934E4A8007ED1FA /* LaunchScreen.storyboard in Resources */ = {isa = PBXBuildFile; fileRef = 03A05CEB2934E4A8007ED1FA /* LaunchScreen.storyboard */; };
		03A05CF82934E4A8007ED1FA /* WorldOfPAYBACKTests.swift in Sources */ = {isa = PBXBuildFile; fileRef = 03A05CF72934E4A8007ED1FA /* WorldOfPAYBACKTests.swift */; };
		03A05D022934E4A8007ED1FA /* WorldOfPAYBACKUITests.swift in Sources */ = {isa = PBXBuildFile; fileRef = 03A05D012934E4A8007ED1FA /* WorldOfPAYBACKUITests.swift */; };
		03A05D042934E4A8007ED1FA /* WorldOfPAYBACKUITestsLaunchTests.swift in Sources */ = {isa = PBXBuildFile; fileRef = 03A05D032934E4A8007ED1FA /* WorldOfPAYBACKUITestsLaunchTests.swift */; };
		03A05D152934E883007ED1FA /* RxCocoa in Frameworks */ = {isa = PBXBuildFile; productRef = 03A05D142934E883007ED1FA /* RxCocoa */; };
		03A05D172934E883007ED1FA /* RxSwift in Frameworks */ = {isa = PBXBuildFile; productRef = 03A05D162934E883007ED1FA /* RxSwift */; };
		03A05D1E2934EDE0007ED1FA /* TransactionsViewModel.swift in Sources */ = {isa = PBXBuildFile; fileRef = 03A05D1D2934EDE0007ED1FA /* TransactionsViewModel.swift */; };
		03C7E711293DBA8A00E93E1C /* PBTransactions.json in Resources */ = {isa = PBXBuildFile; fileRef = 03C7E710293DBA8A00E93E1C /* PBTransactions.json */; };
		03C7E714293DC00C00E93E1C /* TransactionCell.swift in Sources */ = {isa = PBXBuildFile; fileRef = 03C7E713293DC00C00E93E1C /* TransactionCell.swift */; };
		03DDD7A4293B6153009DA8D3 /* UICollectionView+EX.swift in Sources */ = {isa = PBXBuildFile; fileRef = 03DDD7A3293B6153009DA8D3 /* UICollectionView+EX.swift */; };
		03DDD7A7293B660E009DA8D3 /* Transaction.swift in Sources */ = {isa = PBXBuildFile; fileRef = 03DDD7A6293B660E009DA8D3 /* Transaction.swift */; };
		03DDD7AA293B7285009DA8D3 /* GetTransactions.swift in Sources */ = {isa = PBXBuildFile; fileRef = 03DDD7A9293B7285009DA8D3 /* GetTransactions.swift */; };
		03DDD7AE293B72EE009DA8D3 /* TransactionRepository.swift in Sources */ = {isa = PBXBuildFile; fileRef = 03DDD7AD293B72EE009DA8D3 /* TransactionRepository.swift */; };
		03DDD7B3293B735A009DA8D3 /* GetTransactionsUseCase.swift in Sources */ = {isa = PBXBuildFile; fileRef = 03DDD7B2293B735A009DA8D3 /* GetTransactionsUseCase.swift */; };
		03DDD7B6293B7786009DA8D3 /* TransactionDTOResponse.swift in Sources */ = {isa = PBXBuildFile; fileRef = 03DDD7B5293B7786009DA8D3 /* TransactionDTOResponse.swift */; };
		03DDD7B8293B7798009DA8D3 /* TransactionDTORequest.swift in Sources */ = {isa = PBXBuildFile; fileRef = 03DDD7B7293B7798009DA8D3 /* TransactionDTORequest.swift */; };
		03DDD7BB293B7F28009DA8D3 /* ReusableView.swift in Sources */ = {isa = PBXBuildFile; fileRef = 03DDD7BA293B7F28009DA8D3 /* ReusableView.swift */; };
/* End PBXBuildFile section */

/* Begin PBXContainerItemProxy section */
		03A05CF42934E4A8007ED1FA /* PBXContainerItemProxy */ = {
			isa = PBXContainerItemProxy;
			containerPortal = 03A05CD52934E4A6007ED1FA /* Project object */;
			proxyType = 1;
			remoteGlobalIDString = 03A05CDC2934E4A6007ED1FA;
			remoteInfo = WorldOfPAYBACK;
		};
		03A05CFE2934E4A8007ED1FA /* PBXContainerItemProxy */ = {
			isa = PBXContainerItemProxy;
			containerPortal = 03A05CD52934E4A6007ED1FA /* Project object */;
			proxyType = 1;
			remoteGlobalIDString = 03A05CDC2934E4A6007ED1FA;
			remoteInfo = WorldOfPAYBACK;
		};
/* End PBXContainerItemProxy section */

/* Begin PBXFileReference section */
		030D041C29474AD400099739 /* UIColor.swift */ = {isa = PBXFileReference; lastKnownFileType = sourcecode.swift; path = UIColor.swift; sourceTree = "<group>"; };
		030D041E29474F0300099739 /* TransactionRepositoryProtocol.swift */ = {isa = PBXFileReference; lastKnownFileType = sourcecode.swift; path = TransactionRepositoryProtocol.swift; sourceTree = "<group>"; };
		033F9C3D2958D171006A4399 /* README.md */ = {isa = PBXFileReference; fileEncoding = 4; lastKnownFileType = net.daringfireball.markdown; name = README.md; path = WorldOfPAYBACK/README.md; sourceTree = "<group>"; };
		034243F129581BF9008B43E0 /* DateFormmater.swift */ = {isa = PBXFileReference; lastKnownFileType = sourcecode.swift; path = DateFormmater.swift; sourceTree = "<group>"; };
		034243F329582217008B43E0 /* String.swift */ = {isa = PBXFileReference; lastKnownFileType = sourcecode.swift; path = String.swift; sourceTree = "<group>"; };
		034243F52958226B008B43E0 /* Date.swift */ = {isa = PBXFileReference; lastKnownFileType = sourcecode.swift; path = Date.swift; sourceTree = "<group>"; };
		03A05CDD2934E4A6007ED1FA /* WorldOfPAYBACK.app */ = {isa = PBXFileReference; explicitFileType = wrapper.application; includeInIndex = 0; path = WorldOfPAYBACK.app; sourceTree = BUILT_PRODUCTS_DIR; };
		03A05CE02934E4A6007ED1FA /* AppDelegate.swift */ = {isa = PBXFileReference; lastKnownFileType = sourcecode.swift; path = AppDelegate.swift; sourceTree = "<group>"; };
		03A05CE42934E4A6007ED1FA /* TransactionsViewController.swift */ = {isa = PBXFileReference; lastKnownFileType = sourcecode.swift; path = TransactionsViewController.swift; sourceTree = "<group>"; };
		03A05CE92934E4A8007ED1FA /* Assets.xcassets */ = {isa = PBXFileReference; lastKnownFileType = folder.assetcatalog; path = Assets.xcassets; sourceTree = "<group>"; };
		03A05CEC2934E4A8007ED1FA /* Base */ = {isa = PBXFileReference; lastKnownFileType = file.storyboard; name = Base; path = Base.lproj/LaunchScreen.storyboard; sourceTree = "<group>"; };
		03A05CEE2934E4A8007ED1FA /* Info.plist */ = {isa = PBXFileReference; lastKnownFileType = text.plist.xml; path = Info.plist; sourceTree = "<group>"; };
		03A05CF32934E4A8007ED1FA /* WorldOfPAYBACKTests.xctest */ = {isa = PBXFileReference; explicitFileType = wrapper.cfbundle; includeInIndex = 0; path = WorldOfPAYBACKTests.xctest; sourceTree = BUILT_PRODUCTS_DIR; };
		03A05CF72934E4A8007ED1FA /* WorldOfPAYBACKTests.swift */ = {isa = PBXFileReference; lastKnownFileType = sourcecode.swift; path = WorldOfPAYBACKTests.swift; sourceTree = "<group>"; };
		03A05CFD2934E4A8007ED1FA /* WorldOfPAYBACKUITests.xctest */ = {isa = PBXFileReference; explicitFileType = wrapper.cfbundle; includeInIndex = 0; path = WorldOfPAYBACKUITests.xctest; sourceTree = BUILT_PRODUCTS_DIR; };
		03A05D012934E4A8007ED1FA /* WorldOfPAYBACKUITests.swift */ = {isa = PBXFileReference; lastKnownFileType = sourcecode.swift; path = WorldOfPAYBACKUITests.swift; sourceTree = "<group>"; };
		03A05D032934E4A8007ED1FA /* WorldOfPAYBACKUITestsLaunchTests.swift */ = {isa = PBXFileReference; lastKnownFileType = sourcecode.swift; path = WorldOfPAYBACKUITestsLaunchTests.swift; sourceTree = "<group>"; };
		03A05D1D2934EDE0007ED1FA /* TransactionsViewModel.swift */ = {isa = PBXFileReference; lastKnownFileType = sourcecode.swift; path = TransactionsViewModel.swift; sourceTree = "<group>"; };
		03C7E710293DBA8A00E93E1C /* PBTransactions.json */ = {isa = PBXFileReference; fileEncoding = 4; lastKnownFileType = text.json; path = PBTransactions.json; sourceTree = "<group>"; };
		03C7E713293DC00C00E93E1C /* TransactionCell.swift */ = {isa = PBXFileReference; lastKnownFileType = sourcecode.swift; path = TransactionCell.swift; sourceTree = "<group>"; };
		03DDD7A3293B6153009DA8D3 /* UICollectionView+EX.swift */ = {isa = PBXFileReference; fileEncoding = 4; lastKnownFileType = sourcecode.swift; path = "UICollectionView+EX.swift"; sourceTree = "<group>"; };
		03DDD7A6293B660E009DA8D3 /* Transaction.swift */ = {isa = PBXFileReference; lastKnownFileType = sourcecode.swift; path = Transaction.swift; sourceTree = "<group>"; };
		03DDD7A9293B7285009DA8D3 /* GetTransactions.swift */ = {isa = PBXFileReference; lastKnownFileType = sourcecode.swift; path = GetTransactions.swift; sourceTree = "<group>"; };
		03DDD7AD293B72EE009DA8D3 /* TransactionRepository.swift */ = {isa = PBXFileReference; lastKnownFileType = sourcecode.swift; path = TransactionRepository.swift; sourceTree = "<group>"; };
		03DDD7B2293B735A009DA8D3 /* GetTransactionsUseCase.swift */ = {isa = PBXFileReference; lastKnownFileType = sourcecode.swift; path = GetTransactionsUseCase.swift; sourceTree = "<group>"; };
		03DDD7B5293B7786009DA8D3 /* TransactionDTOResponse.swift */ = {isa = PBXFileReference; lastKnownFileType = sourcecode.swift; path = TransactionDTOResponse.swift; sourceTree = "<group>"; };
		03DDD7B7293B7798009DA8D3 /* TransactionDTORequest.swift */ = {isa = PBXFileReference; lastKnownFileType = sourcecode.swift; path = TransactionDTORequest.swift; sourceTree = "<group>"; };
		03DDD7BA293B7F28009DA8D3 /* ReusableView.swift */ = {isa = PBXFileReference; fileEncoding = 4; lastKnownFileType = sourcecode.swift; path = ReusableView.swift; sourceTree = "<group>"; };
/* End PBXFileReference section */

/* Begin PBXFrameworksBuildPhase section */
		03A05CDA2934E4A6007ED1FA /* Frameworks */ = {
			isa = PBXFrameworksBuildPhase;
			buildActionMask = 2147483647;
			files = (
				03A05D172934E883007ED1FA /* RxSwift in Frameworks */,
				03A05D152934E883007ED1FA /* RxCocoa in Frameworks */,
			);
			runOnlyForDeploymentPostprocessing = 0;
		};
		03A05CF02934E4A8007ED1FA /* Frameworks */ = {
			isa = PBXFrameworksBuildPhase;
			buildActionMask = 2147483647;
			files = (
			);
			runOnlyForDeploymentPostprocessing = 0;
		};
		03A05CFA2934E4A8007ED1FA /* Frameworks */ = {
			isa = PBXFrameworksBuildPhase;
			buildActionMask = 2147483647;
			files = (
			);
			runOnlyForDeploymentPostprocessing = 0;
		};
/* End PBXFrameworksBuildPhase section */

/* Begin PBXGroup section */
		034243F029581BEE008B43E0 /* Common */ = {
			isa = PBXGroup;
			children = (
				034243F129581BF9008B43E0 /* DateFormmater.swift */,
			);
			path = Common;
			sourceTree = "<group>";
		};
		03A05CD42934E4A6007ED1FA = {
			isa = PBXGroup;
			children = (
				033F9C3D2958D171006A4399 /* README.md */,
				03A05CDF2934E4A6007ED1FA /* WorldOfPAYBACK */,
				03A05CF62934E4A8007ED1FA /* WorldOfPAYBACKTests */,
				03A05D002934E4A8007ED1FA /* WorldOfPAYBACKUITests */,
				03A05CDE2934E4A6007ED1FA /* Products */,
			);
			sourceTree = "<group>";
		};
		03A05CDE2934E4A6007ED1FA /* Products */ = {
			isa = PBXGroup;
			children = (
				03A05CDD2934E4A6007ED1FA /* WorldOfPAYBACK.app */,
				03A05CF32934E4A8007ED1FA /* WorldOfPAYBACKTests.xctest */,
				03A05CFD2934E4A8007ED1FA /* WorldOfPAYBACKUITests.xctest */,
			);
			name = Products;
			sourceTree = "<group>";
		};
		03A05CDF2934E4A6007ED1FA /* WorldOfPAYBACK */ = {
			isa = PBXGroup;
			children = (
				03A05D122934E692007ED1FA /* Application */,
				03DDD7A0293B60EF009DA8D3 /* Presentation */,
				03A05D192934E8BA007ED1FA /* Domain Layer */,
				03A05D182934E8B5007ED1FA /* Data Layer */,
				03A05D1F2934EF12007ED1FA /* Infrastructure - Core */,
				03A05D212934F12B007ED1FA /* Utilities */,
				03A05D102934E678007ED1FA /* Resources */,
			);
			path = WorldOfPAYBACK;
			sourceTree = "<group>";
		};
		03A05CF62934E4A8007ED1FA /* WorldOfPAYBACKTests */ = {
			isa = PBXGroup;
			children = (
				03A05CF72934E4A8007ED1FA /* WorldOfPAYBACKTests.swift */,
			);
			path = WorldOfPAYBACKTests;
			sourceTree = "<group>";
		};
		03A05D002934E4A8007ED1FA /* WorldOfPAYBACKUITests */ = {
			isa = PBXGroup;
			children = (
				03A05D012934E4A8007ED1FA /* WorldOfPAYBACKUITests.swift */,
				03A05D032934E4A8007ED1FA /* WorldOfPAYBACKUITestsLaunchTests.swift */,
			);
			path = WorldOfPAYBACKUITests;
			sourceTree = "<group>";
		};
		03A05D102934E678007ED1FA /* Resources */ = {
			isa = PBXGroup;
			children = (
				03A05CE92934E4A8007ED1FA /* Assets.xcassets */,
				03A05CEE2934E4A8007ED1FA /* Info.plist */,
				03C7E710293DBA8A00E93E1C /* PBTransactions.json */,
				03A05CEB2934E4A8007ED1FA /* LaunchScreen.storyboard */,
			);
			path = Resources;
			sourceTree = "<group>";
		};
		03A05D112934E688007ED1FA /* Scenes */ = {
			isa = PBXGroup;
			children = (
				03A05D1A2934E8D6007ED1FA /* Transactions */,
				03A05D1B2934ED92007ED1FA /* Details Transaction */,
				03A05D1C2934EDA2007ED1FA /* FilterOption */,
			);
			path = Scenes;
			sourceTree = "<group>";
		};
		03A05D122934E692007ED1FA /* Application */ = {
			isa = PBXGroup;
			children = (
				03A05CE02934E4A6007ED1FA /* AppDelegate.swift */,
			);
			path = Application;
			sourceTree = "<group>";
		};
		03A05D182934E8B5007ED1FA /* Data Layer */ = {
			isa = PBXGroup;
			children = (
				03DDD7AB293B72BA009DA8D3 /* Repositories */,
			);
			path = "Data Layer";
			sourceTree = "<group>";
		};
		03A05D192934E8BA007ED1FA /* Domain Layer */ = {
			isa = PBXGroup;
			children = (
				03DDD7AF293B7314009DA8D3 /* Interfaces */,
				03DDD7A8293B724E009DA8D3 /* UseCases */,
				03DDD7A5293B6600009DA8D3 /* Models */,
			);
			path = "Domain Layer";
			sourceTree = "<group>";
		};
		03A05D1A2934E8D6007ED1FA /* Transactions */ = {
			isa = PBXGroup;
			children = (
				03C7E712293DC00000E93E1C /* Cell */,
				03A05CE42934E4A6007ED1FA /* TransactionsViewController.swift */,
				03A05D1D2934EDE0007ED1FA /* TransactionsViewModel.swift */,
			);
			path = Transactions;
			sourceTree = "<group>";
		};
		03A05D1B2934ED92007ED1FA /* Details Transaction */ = {
			isa = PBXGroup;
			children = (
			);
			path = "Details Transaction";
			sourceTree = "<group>";
		};
		03A05D1C2934EDA2007ED1FA /* FilterOption */ = {
			isa = PBXGroup;
			children = (
			);
			path = FilterOption;
			sourceTree = "<group>";
		};
		03A05D1F2934EF12007ED1FA /* Infrastructure - Core */ = {
			isa = PBXGroup;
			children = (
				03A05D202934F0EF007ED1FA /* Network */,
			);
			path = "Infrastructure - Core";
			sourceTree = "<group>";
		};
		03A05D202934F0EF007ED1FA /* Network */ = {
			isa = PBXGroup;
			children = (
				03DDD7B4293B776F009DA8D3 /* DataMapping */,
			);
			path = Network;
			sourceTree = "<group>";
		};
		03A05D212934F12B007ED1FA /* Utilities */ = {
			isa = PBXGroup;
			children = (
				034243F029581BEE008B43E0 /* Common */,
				03DDD7A2293B6108009DA8D3 /* Extensions */,
			);
			path = Utilities;
			sourceTree = "<group>";
		};
		03C7E712293DC00000E93E1C /* Cell */ = {
			isa = PBXGroup;
			children = (
				03C7E713293DC00C00E93E1C /* TransactionCell.swift */,
			);
			path = Cell;
			sourceTree = "<group>";
		};
		03DDD7A0293B60EF009DA8D3 /* Presentation */ = {
			isa = PBXGroup;
			children = (
				03DDD7A1293B60F8009DA8D3 /* Components */,
				03A05D112934E688007ED1FA /* Scenes */,
			);
			path = Presentation;
			sourceTree = "<group>";
		};
		03DDD7A1293B60F8009DA8D3 /* Components */ = {
			isa = PBXGroup;
			children = (
			);
			path = Components;
			sourceTree = "<group>";
		};
		03DDD7A2293B6108009DA8D3 /* Extensions */ = {
			isa = PBXGroup;
			children = (
				03DDD7A3293B6153009DA8D3 /* UICollectionView+EX.swift */,
				03DDD7BA293B7F28009DA8D3 /* ReusableView.swift */,
				030D041C29474AD400099739 /* UIColor.swift */,
				034243F329582217008B43E0 /* String.swift */,
				034243F52958226B008B43E0 /* Date.swift */,
			);
			path = Extensions;
			sourceTree = "<group>";
		};
		03DDD7A5293B6600009DA8D3 /* Models */ = {
			isa = PBXGroup;
			children = (
				03DDD7A6293B660E009DA8D3 /* Transaction.swift */,
			);
			path = Models;
			sourceTree = "<group>";
		};
		03DDD7A8293B724E009DA8D3 /* UseCases */ = {
			isa = PBXGroup;
			children = (
				03DDD7A9293B7285009DA8D3 /* GetTransactions.swift */,
			);
			path = UseCases;
			sourceTree = "<group>";
		};
		03DDD7AB293B72BA009DA8D3 /* Repositories */ = {
			isa = PBXGroup;
			children = (
				03DDD7AD293B72EE009DA8D3 /* TransactionRepository.swift */,
			);
			path = Repositories;
			sourceTree = "<group>";
		};
		03DDD7AF293B7314009DA8D3 /* Interfaces */ = {
			isa = PBXGroup;
			children = (
				03DDD7B1293B7321009DA8D3 /* UseCases */,
				03DDD7B0293B731A009DA8D3 /* Repositories */,
			);
			path = Interfaces;
			sourceTree = "<group>";
		};
		03DDD7B0293B731A009DA8D3 /* Repositories */ = {
			isa = PBXGroup;
			children = (
				030D041E29474F0300099739 /* TransactionRepositoryProtocol.swift */,
			);
			path = Repositories;
			sourceTree = "<group>";
		};
		03DDD7B1293B7321009DA8D3 /* UseCases */ = {
			isa = PBXGroup;
			children = (
				03DDD7B2293B735A009DA8D3 /* GetTransactionsUseCase.swift */,
			);
			path = UseCases;
			sourceTree = "<group>";
		};
		03DDD7B4293B776F009DA8D3 /* DataMapping */ = {
			isa = PBXGroup;
			children = (
				03DDD7B7293B7798009DA8D3 /* TransactionDTORequest.swift */,
				03DDD7B5293B7786009DA8D3 /* TransactionDTOResponse.swift */,
			);
			path = DataMapping;
			sourceTree = "<group>";
		};
/* End PBXGroup section */

/* Begin PBXNativeTarget section */
		03A05CDC2934E4A6007ED1FA /* WorldOfPAYBACK */ = {
			isa = PBXNativeTarget;
			buildConfigurationList = 03A05D072934E4A8007ED1FA /* Build configuration list for PBXNativeTarget "WorldOfPAYBACK" */;
			buildPhases = (
				03A05CD92934E4A6007ED1FA /* Sources */,
				03A05CDA2934E4A6007ED1FA /* Frameworks */,
				03A05CDB2934E4A6007ED1FA /* Resources */,
			);
			buildRules = (
			);
			dependencies = (
			);
			name = WorldOfPAYBACK;
			packageProductDependencies = (
				03A05D142934E883007ED1FA /* RxCocoa */,
				03A05D162934E883007ED1FA /* RxSwift */,
			);
			productName = WorldOfPAYBACK;
			productReference = 03A05CDD2934E4A6007ED1FA /* WorldOfPAYBACK.app */;
			productType = "com.apple.product-type.application";
		};
		03A05CF22934E4A8007ED1FA /* WorldOfPAYBACKTests */ = {
			isa = PBXNativeTarget;
			buildConfigurationList = 03A05D0A2934E4A8007ED1FA /* Build configuration list for PBXNativeTarget "WorldOfPAYBACKTests" */;
			buildPhases = (
				03A05CEF2934E4A8007ED1FA /* Sources */,
				03A05CF02934E4A8007ED1FA /* Frameworks */,
				03A05CF12934E4A8007ED1FA /* Resources */,
			);
			buildRules = (
			);
			dependencies = (
				03A05CF52934E4A8007ED1FA /* PBXTargetDependency */,
			);
			name = WorldOfPAYBACKTests;
			productName = WorldOfPAYBACKTests;
			productReference = 03A05CF32934E4A8007ED1FA /* WorldOfPAYBACKTests.xctest */;
			productType = "com.apple.product-type.bundle.unit-test";
		};
		03A05CFC2934E4A8007ED1FA /* WorldOfPAYBACKUITests */ = {
			isa = PBXNativeTarget;
			buildConfigurationList = 03A05D0D2934E4A8007ED1FA /* Build configuration list for PBXNativeTarget "WorldOfPAYBACKUITests" */;
			buildPhases = (
				03A05CF92934E4A8007ED1FA /* Sources */,
				03A05CFA2934E4A8007ED1FA /* Frameworks */,
				03A05CFB2934E4A8007ED1FA /* Resources */,
			);
			buildRules = (
			);
			dependencies = (
				03A05CFF2934E4A8007ED1FA /* PBXTargetDependency */,
			);
			name = WorldOfPAYBACKUITests;
			productName = WorldOfPAYBACKUITests;
			productReference = 03A05CFD2934E4A8007ED1FA /* WorldOfPAYBACKUITests.xctest */;
			productType = "com.apple.product-type.bundle.ui-testing";
		};
/* End PBXNativeTarget section */

/* Begin PBXProject section */
		03A05CD52934E4A6007ED1FA /* Project object */ = {
			isa = PBXProject;
			attributes = {
				BuildIndependentTargetsInParallel = 1;
				LastSwiftUpdateCheck = 1410;
				LastUpgradeCheck = 1410;
				TargetAttributes = {
					03A05CDC2934E4A6007ED1FA = {
						CreatedOnToolsVersion = 14.1;
					};
					03A05CF22934E4A8007ED1FA = {
						CreatedOnToolsVersion = 14.1;
						TestTargetID = 03A05CDC2934E4A6007ED1FA;
					};
					03A05CFC2934E4A8007ED1FA = {
						CreatedOnToolsVersion = 14.1;
						TestTargetID = 03A05CDC2934E4A6007ED1FA;
					};
				};
			};
			buildConfigurationList = 03A05CD82934E4A6007ED1FA /* Build configuration list for PBXProject "WorldOfPAYBACK" */;
			compatibilityVersion = "Xcode 14.0";
			developmentRegion = en;
			hasScannedForEncodings = 0;
			knownRegions = (
				en,
				Base,
			);
			mainGroup = 03A05CD42934E4A6007ED1FA;
			packageReferences = (
				03A05D132934E883007ED1FA /* XCRemoteSwiftPackageReference "RxSwift" */,
			);
			productRefGroup = 03A05CDE2934E4A6007ED1FA /* Products */;
			projectDirPath = "";
			projectRoot = "";
			targets = (
				03A05CDC2934E4A6007ED1FA /* WorldOfPAYBACK */,
				03A05CF22934E4A8007ED1FA /* WorldOfPAYBACKTests */,
				03A05CFC2934E4A8007ED1FA /* WorldOfPAYBACKUITests */,
			);
		};
/* End PBXProject section */

/* Begin PBXResourcesBuildPhase section */
		03A05CDB2934E4A6007ED1FA /* Resources */ = {
			isa = PBXResourcesBuildPhase;
			buildActionMask = 2147483647;
			files = (
				03A05CED2934E4A8007ED1FA /* LaunchScreen.storyboard in Resources */,
				03C7E711293DBA8A00E93E1C /* PBTransactions.json in Resources */,
				033F9C3E2958D171006A4399 /* README.md in Resources */,
				03A05CEA2934E4A8007ED1FA /* Assets.xcassets in Resources */,
			);
			runOnlyForDeploymentPostprocessing = 0;
		};
		03A05CF12934E4A8007ED1FA /* Resources */ = {
			isa = PBXResourcesBuildPhase;
			buildActionMask = 2147483647;
			files = (
			);
			runOnlyForDeploymentPostprocessing = 0;
		};
		03A05CFB2934E4A8007ED1FA /* Resources */ = {
			isa = PBXResourcesBuildPhase;
			buildActionMask = 2147483647;
			files = (
			);
			runOnlyForDeploymentPostprocessing = 0;
		};
/* End PBXResourcesBuildPhase section */

/* Begin PBXSourcesBuildPhase section */
		03A05CD92934E4A6007ED1FA /* Sources */ = {
			isa = PBXSourcesBuildPhase;
			buildActionMask = 2147483647;
			files = (
				03A05CE52934E4A6007ED1FA /* TransactionsViewController.swift in Sources */,
				03DDD7B6293B7786009DA8D3 /* TransactionDTOResponse.swift in Sources */,
				03C7E714293DC00C00E93E1C /* TransactionCell.swift in Sources */,
				034243F229581BF9008B43E0 /* DateFormmater.swift in Sources */,
				03DDD7B3293B735A009DA8D3 /* GetTransactionsUseCase.swift in Sources */,
				03DDD7A4293B6153009DA8D3 /* UICollectionView+EX.swift in Sources */,
				034243F62958226B008B43E0 /* Date.swift in Sources */,
				03DDD7BB293B7F28009DA8D3 /* ReusableView.swift in Sources */,
				03DDD7B8293B7798009DA8D3 /* TransactionDTORequest.swift in Sources */,
				03A05D1E2934EDE0007ED1FA /* TransactionsViewModel.swift in Sources */,
				030D041F29474F0300099739 /* TransactionRepositoryProtocol.swift in Sources */,
				03DDD7AE293B72EE009DA8D3 /* TransactionRepository.swift in Sources */,
				030D041D29474AD400099739 /* UIColor.swift in Sources */,
				03DDD7AA293B7285009DA8D3 /* GetTransactions.swift in Sources */,
				03A05CE12934E4A6007ED1FA /* AppDelegate.swift in Sources */,
				034243F429582217008B43E0 /* String.swift in Sources */,
				03DDD7A7293B660E009DA8D3 /* Transaction.swift in Sources */,
			);
			runOnlyForDeploymentPostprocessing = 0;
		};
		03A05CEF2934E4A8007ED1FA /* Sources */ = {
			isa = PBXSourcesBuildPhase;
			buildActionMask = 2147483647;
			files = (
				03A05CF82934E4A8007ED1FA /* WorldOfPAYBACKTests.swift in Sources */,
			);
			runOnlyForDeploymentPostprocessing = 0;
		};
		03A05CF92934E4A8007ED1FA /* Sources */ = {
			isa = PBXSourcesBuildPhase;
			buildActionMask = 2147483647;
			files = (
				03A05D042934E4A8007ED1FA /* WorldOfPAYBACKUITestsLaunchTests.swift in Sources */,
				03A05D022934E4A8007ED1FA /* WorldOfPAYBACKUITests.swift in Sources */,
			);
			runOnlyForDeploymentPostprocessing = 0;
		};
/* End PBXSourcesBuildPhase section */

/* Begin PBXTargetDependency section */
		03A05CF52934E4A8007ED1FA /* PBXTargetDependency */ = {
			isa = PBXTargetDependency;
			target = 03A05CDC2934E4A6007ED1FA /* WorldOfPAYBACK */;
			targetProxy = 03A05CF42934E4A8007ED1FA /* PBXContainerItemProxy */;
		};
		03A05CFF2934E4A8007ED1FA /* PBXTargetDependency */ = {
			isa = PBXTargetDependency;
			target = 03A05CDC2934E4A6007ED1FA /* WorldOfPAYBACK */;
			targetProxy = 03A05CFE2934E4A8007ED1FA /* PBXContainerItemProxy */;
		};
/* End PBXTargetDependency section */

/* Begin PBXVariantGroup section */
		03A05CEB2934E4A8007ED1FA /* LaunchScreen.storyboard */ = {
			isa = PBXVariantGroup;
			children = (
				03A05CEC2934E4A8007ED1FA /* Base */,
			);
			name = LaunchScreen.storyboard;
			sourceTree = "<group>";
		};
/* End PBXVariantGroup section */

/* Begin XCBuildConfiguration section */
		03A05D052934E4A8007ED1FA /* Debug */ = {
			isa = XCBuildConfiguration;
			buildSettings = {
				ALWAYS_SEARCH_USER_PATHS = NO;
				CLANG_ANALYZER_NONNULL = YES;
				CLANG_ANALYZER_NUMBER_OBJECT_CONVERSION = YES_AGGRESSIVE;
				CLANG_CXX_LANGUAGE_STANDARD = "gnu++20";
				CLANG_ENABLE_MODULES = YES;
				CLANG_ENABLE_OBJC_ARC = YES;
				CLANG_ENABLE_OBJC_WEAK = YES;
				CLANG_WARN_BLOCK_CAPTURE_AUTORELEASING = YES;
				CLANG_WARN_BOOL_CONVERSION = YES;
				CLANG_WARN_COMMA = YES;
				CLANG_WARN_CONSTANT_CONVERSION = YES;
				CLANG_WARN_DEPRECATED_OBJC_IMPLEMENTATIONS = YES;
				CLANG_WARN_DIRECT_OBJC_ISA_USAGE = YES_ERROR;
				CLANG_WARN_DOCUMENTATION_COMMENTS = YES;
				CLANG_WARN_EMPTY_BODY = YES;
				CLANG_WARN_ENUM_CONVERSION = YES;
				CLANG_WARN_INFINITE_RECURSION = YES;
				CLANG_WARN_INT_CONVERSION = YES;
				CLANG_WARN_NON_LITERAL_NULL_CONVERSION = YES;
				CLANG_WARN_OBJC_IMPLICIT_RETAIN_SELF = YES;
				CLANG_WARN_OBJC_LITERAL_CONVERSION = YES;
				CLANG_WARN_OBJC_ROOT_CLASS = YES_ERROR;
				CLANG_WARN_QUOTED_INCLUDE_IN_FRAMEWORK_HEADER = YES;
				CLANG_WARN_RANGE_LOOP_ANALYSIS = YES;
				CLANG_WARN_STRICT_PROTOTYPES = YES;
				CLANG_WARN_SUSPICIOUS_MOVE = YES;
				CLANG_WARN_UNGUARDED_AVAILABILITY = YES_AGGRESSIVE;
				CLANG_WARN_UNREACHABLE_CODE = YES;
				CLANG_WARN__DUPLICATE_METHOD_MATCH = YES;
				COPY_PHASE_STRIP = NO;
				DEBUG_INFORMATION_FORMAT = dwarf;
				ENABLE_STRICT_OBJC_MSGSEND = YES;
				ENABLE_TESTABILITY = YES;
				GCC_C_LANGUAGE_STANDARD = gnu11;
				GCC_DYNAMIC_NO_PIC = NO;
				GCC_NO_COMMON_BLOCKS = YES;
				GCC_OPTIMIZATION_LEVEL = 0;
				GCC_PREPROCESSOR_DEFINITIONS = (
					"DEBUG=1",
					"$(inherited)",
				);
				GCC_WARN_64_TO_32_BIT_CONVERSION = YES;
				GCC_WARN_ABOUT_RETURN_TYPE = YES_ERROR;
				GCC_WARN_UNDECLARED_SELECTOR = YES;
				GCC_WARN_UNINITIALIZED_AUTOS = YES_AGGRESSIVE;
				GCC_WARN_UNUSED_FUNCTION = YES;
				GCC_WARN_UNUSED_VARIABLE = YES;
				IPHONEOS_DEPLOYMENT_TARGET = 13.0;
				MTL_ENABLE_DEBUG_INFO = INCLUDE_SOURCE;
				MTL_FAST_MATH = YES;
				ONLY_ACTIVE_ARCH = YES;
				SDKROOT = iphoneos;
				SWIFT_ACTIVE_COMPILATION_CONDITIONS = DEBUG;
				SWIFT_OPTIMIZATION_LEVEL = "-Onone";
			};
			name = Debug;
		};
		03A05D062934E4A8007ED1FA /* Release */ = {
			isa = XCBuildConfiguration;
			buildSettings = {
				ALWAYS_SEARCH_USER_PATHS = NO;
				CLANG_ANALYZER_NONNULL = YES;
				CLANG_ANALYZER_NUMBER_OBJECT_CONVERSION = YES_AGGRESSIVE;
				CLANG_CXX_LANGUAGE_STANDARD = "gnu++20";
				CLANG_ENABLE_MODULES = YES;
				CLANG_ENABLE_OBJC_ARC = YES;
				CLANG_ENABLE_OBJC_WEAK = YES;
				CLANG_WARN_BLOCK_CAPTURE_AUTORELEASING = YES;
				CLANG_WARN_BOOL_CONVERSION = YES;
				CLANG_WARN_COMMA = YES;
				CLANG_WARN_CONSTANT_CONVERSION = YES;
				CLANG_WARN_DEPRECATED_OBJC_IMPLEMENTATIONS = YES;
				CLANG_WARN_DIRECT_OBJC_ISA_USAGE = YES_ERROR;
				CLANG_WARN_DOCUMENTATION_COMMENTS = YES;
				CLANG_WARN_EMPTY_BODY = YES;
				CLANG_WARN_ENUM_CONVERSION = YES;
				CLANG_WARN_INFINITE_RECURSION = YES;
				CLANG_WARN_INT_CONVERSION = YES;
				CLANG_WARN_NON_LITERAL_NULL_CONVERSION = YES;
				CLANG_WARN_OBJC_IMPLICIT_RETAIN_SELF = YES;
				CLANG_WARN_OBJC_LITERAL_CONVERSION = YES;
				CLANG_WARN_OBJC_ROOT_CLASS = YES_ERROR;
				CLANG_WARN_QUOTED_INCLUDE_IN_FRAMEWORK_HEADER = YES;
				CLANG_WARN_RANGE_LOOP_ANALYSIS = YES;
				CLANG_WARN_STRICT_PROTOTYPES = YES;
				CLANG_WARN_SUSPICIOUS_MOVE = YES;
				CLANG_WARN_UNGUARDED_AVAILABILITY = YES_AGGRESSIVE;
				CLANG_WARN_UNREACHABLE_CODE = YES;
				CLANG_WARN__DUPLICATE_METHOD_MATCH = YES;
				COPY_PHASE_STRIP = NO;
				DEBUG_INFORMATION_FORMAT = "dwarf-with-dsym";
				ENABLE_NS_ASSERTIONS = NO;
				ENABLE_STRICT_OBJC_MSGSEND = YES;
				GCC_C_LANGUAGE_STANDARD = gnu11;
				GCC_NO_COMMON_BLOCKS = YES;
				GCC_WARN_64_TO_32_BIT_CONVERSION = YES;
				GCC_WARN_ABOUT_RETURN_TYPE = YES_ERROR;
				GCC_WARN_UNDECLARED_SELECTOR = YES;
				GCC_WARN_UNINITIALIZED_AUTOS = YES_AGGRESSIVE;
				GCC_WARN_UNUSED_FUNCTION = YES;
				GCC_WARN_UNUSED_VARIABLE = YES;
				IPHONEOS_DEPLOYMENT_TARGET = 13.0;
				MTL_ENABLE_DEBUG_INFO = NO;
				MTL_FAST_MATH = YES;
				SDKROOT = iphoneos;
				SWIFT_COMPILATION_MODE = wholemodule;
				SWIFT_OPTIMIZATION_LEVEL = "-O";
				VALIDATE_PRODUCT = YES;
			};
			name = Release;
		};
		03A05D082934E4A8007ED1FA /* Debug */ = {
			isa = XCBuildConfiguration;
			buildSettings = {
				ASSETCATALOG_COMPILER_APPICON_NAME = AppIcon;
				ASSETCATALOG_COMPILER_GLOBAL_ACCENT_COLOR_NAME = AccentColor;
				CODE_SIGN_STYLE = Automatic;
				CURRENT_PROJECT_VERSION = 1;
				EXCLUDED_ARCHS = "";
				GENERATE_INFOPLIST_FILE = YES;
				INFOPLIST_FILE = WorldOfPAYBACK/Info.plist;
				INFOPLIST_KEY_UIApplicationSupportsIndirectInputEvents = YES;
				INFOPLIST_KEY_UILaunchStoryboardName = LaunchScreen.storyboard;
				INFOPLIST_KEY_UIMainStoryboardFile = "";
				INFOPLIST_KEY_UISupportedInterfaceOrientations = UIInterfaceOrientationPortrait;
				IPHONEOS_DEPLOYMENT_TARGET = 13.0;
				LD_RUNPATH_SEARCH_PATHS = (
					"$(inherited)",
					"@executable_path/Frameworks",
				);
				MACH_O_TYPE = mh_execute;
				MARKETING_VERSION = 1.0;
				PRODUCT_BUNDLE_IDENTIFIER = ios.behnamr98.WorldOfPAYBACK;
				PRODUCT_NAME = "$(TARGET_NAME)";
				SWIFT_EMIT_LOC_STRINGS = YES;
				SWIFT_VERSION = 5.0;
				TARGETED_DEVICE_FAMILY = "1,2";
			};
			name = Debug;
		};
		03A05D092934E4A8007ED1FA /* Release */ = {
			isa = XCBuildConfiguration;
			buildSettings = {
				ASSETCATALOG_COMPILER_APPICON_NAME = AppIcon;
				ASSETCATALOG_COMPILER_GLOBAL_ACCENT_COLOR_NAME = AccentColor;
				CODE_SIGN_STYLE = Automatic;
				CURRENT_PROJECT_VERSION = 1;
				EXCLUDED_ARCHS = "";
				GENERATE_INFOPLIST_FILE = YES;
				INFOPLIST_FILE = WorldOfPAYBACK/Info.plist;
				INFOPLIST_KEY_UIApplicationSupportsIndirectInputEvents = YES;
				INFOPLIST_KEY_UILaunchStoryboardName = LaunchScreen.storyboard;
				INFOPLIST_KEY_UIMainStoryboardFile = "";
				INFOPLIST_KEY_UISupportedInterfaceOrientations = UIInterfaceOrientationPortrait;
				IPHONEOS_DEPLOYMENT_TARGET = 13.0;
				LD_RUNPATH_SEARCH_PATHS = (
					"$(inherited)",
					"@executable_path/Frameworks",
				);
				MACH_O_TYPE = mh_execute;
				MARKETING_VERSION = 1.0;
				PRODUCT_BUNDLE_IDENTIFIER = ios.behnamr98.WorldOfPAYBACK;
				PRODUCT_NAME = "$(TARGET_NAME)";
				SWIFT_EMIT_LOC_STRINGS = YES;
				SWIFT_VERSION = 5.0;
				TARGETED_DEVICE_FAMILY = "1,2";
			};
			name = Release;
		};
		03A05D0B2934E4A8007ED1FA /* Debug */ = {
			isa = XCBuildConfiguration;
			buildSettings = {
				ALWAYS_EMBED_SWIFT_STANDARD_LIBRARIES = YES;
				BUNDLE_LOADER = "$(TEST_HOST)";
				CODE_SIGN_STYLE = Automatic;
				CURRENT_PROJECT_VERSION = 1;
				GENERATE_INFOPLIST_FILE = YES;
				IPHONEOS_DEPLOYMENT_TARGET = 16.1;
				MARKETING_VERSION = 1.0;
				PRODUCT_BUNDLE_IDENTIFIER = ios.behnamr98.WorldOfPAYBACKTests;
				PRODUCT_NAME = "$(TARGET_NAME)";
				SWIFT_EMIT_LOC_STRINGS = NO;
				SWIFT_VERSION = 5.0;
				TARGETED_DEVICE_FAMILY = "1,2";
				TEST_HOST = "$(BUILT_PRODUCTS_DIR)/WorldOfPAYBACK.app/$(BUNDLE_EXECUTABLE_FOLDER_PATH)/WorldOfPAYBACK";
			};
			name = Debug;
		};
		03A05D0C2934E4A8007ED1FA /* Release */ = {
			isa = XCBuildConfiguration;
			buildSettings = {
				ALWAYS_EMBED_SWIFT_STANDARD_LIBRARIES = YES;
				BUNDLE_LOADER = "$(TEST_HOST)";
				CODE_SIGN_STYLE = Automatic;
				CURRENT_PROJECT_VERSION = 1;
				GENERATE_INFOPLIST_FILE = YES;
				IPHONEOS_DEPLOYMENT_TARGET = 16.1;
				MARKETING_VERSION = 1.0;
				PRODUCT_BUNDLE_IDENTIFIER = ios.behnamr98.WorldOfPAYBACKTests;
				PRODUCT_NAME = "$(TARGET_NAME)";
				SWIFT_EMIT_LOC_STRINGS = NO;
				SWIFT_VERSION = 5.0;
				TARGETED_DEVICE_FAMILY = "1,2";
				TEST_HOST = "$(BUILT_PRODUCTS_DIR)/WorldOfPAYBACK.app/$(BUNDLE_EXECUTABLE_FOLDER_PATH)/WorldOfPAYBACK";
			};
			name = Release;
		};
		03A05D0E2934E4A8007ED1FA /* Debug */ = {
			isa = XCBuildConfiguration;
			buildSettings = {
				ALWAYS_EMBED_SWIFT_STANDARD_LIBRARIES = YES;
				CODE_SIGN_STYLE = Automatic;
				CURRENT_PROJECT_VERSION = 1;
				GENERATE_INFOPLIST_FILE = YES;
				MARKETING_VERSION = 1.0;
				PRODUCT_BUNDLE_IDENTIFIER = ios.behnamr98.WorldOfPAYBACKUITests;
				PRODUCT_NAME = "$(TARGET_NAME)";
				SWIFT_EMIT_LOC_STRINGS = NO;
				SWIFT_VERSION = 5.0;
				TARGETED_DEVICE_FAMILY = "1,2";
				TEST_TARGET_NAME = WorldOfPAYBACK;
			};
			name = Debug;
		};
		03A05D0F2934E4A8007ED1FA /* Release */ = {
			isa = XCBuildConfiguration;
			buildSettings = {
				ALWAYS_EMBED_SWIFT_STANDARD_LIBRARIES = YES;
				CODE_SIGN_STYLE = Automatic;
				CURRENT_PROJECT_VERSION = 1;
				GENERATE_INFOPLIST_FILE = YES;
				MARKETING_VERSION = 1.0;
				PRODUCT_BUNDLE_IDENTIFIER = ios.behnamr98.WorldOfPAYBACKUITests;
				PRODUCT_NAME = "$(TARGET_NAME)";
				SWIFT_EMIT_LOC_STRINGS = NO;
				SWIFT_VERSION = 5.0;
				TARGETED_DEVICE_FAMILY = "1,2";
				TEST_TARGET_NAME = WorldOfPAYBACK;
			};
			name = Release;
		};
/* End XCBuildConfiguration section */

/* Begin XCConfigurationList section */
		03A05CD82934E4A6007ED1FA /* Build configuration list for PBXProject "WorldOfPAYBACK" */ = {
			isa = XCConfigurationList;
			buildConfigurations = (
				03A05D052934E4A8007ED1FA /* Debug */,
				03A05D062934E4A8007ED1FA /* Release */,
			);
			defaultConfigurationIsVisible = 0;
			defaultConfigurationName = Release;
		};
		03A05D072934E4A8007ED1FA /* Build configuration list for PBXNativeTarget "WorldOfPAYBACK" */ = {
			isa = XCConfigurationList;
			buildConfigurations = (
				03A05D082934E4A8007ED1FA /* Debug */,
				03A05D092934E4A8007ED1FA /* Release */,
			);
			defaultConfigurationIsVisible = 0;
			defaultConfigurationName = Release;
		};
		03A05D0A2934E4A8007ED1FA /* Build configuration list for PBXNativeTarget "WorldOfPAYBACKTests" */ = {
			isa = XCConfigurationList;
			buildConfigurations = (
				03A05D0B2934E4A8007ED1FA /* Debug */,
				03A05D0C2934E4A8007ED1FA /* Release */,
			);
			defaultConfigurationIsVisible = 0;
			defaultConfigurationName = Release;
		};
		03A05D0D2934E4A8007ED1FA /* Build configuration list for PBXNativeTarget "WorldOfPAYBACKUITests" */ = {
			isa = XCConfigurationList;
			buildConfigurations = (
				03A05D0E2934E4A8007ED1FA /* Debug */,
				03A05D0F2934E4A8007ED1FA /* Release */,
			);
			defaultConfigurationIsVisible = 0;
			defaultConfigurationName = Release;
		};
/* End XCConfigurationList section */

/* Begin XCRemoteSwiftPackageReference section */
		03A05D132934E883007ED1FA /* XCRemoteSwiftPackageReference "RxSwift" */ = {
			isa = XCRemoteSwiftPackageReference;
			repositoryURL = "https://github.com/ReactiveX/RxSwift.git";
			requirement = {
				kind = upToNextMajorVersion;
				minimumVersion = 6.5.0;
			};
		};
/* End XCRemoteSwiftPackageReference section */

/* Begin XCSwiftPackageProductDependency section */
		03A05D142934E883007ED1FA /* RxCocoa */ = {
			isa = XCSwiftPackageProductDependency;
			package = 03A05D132934E883007ED1FA /* XCRemoteSwiftPackageReference "RxSwift" */;
			productName = RxCocoa;
		};
		03A05D162934E883007ED1FA /* RxSwift */ = {
			isa = XCSwiftPackageProductDependency;
			package = 03A05D132934E883007ED1FA /* XCRemoteSwiftPackageReference "RxSwift" */;
			productName = RxSwift;
		};
/* End XCSwiftPackageProductDependency section */
	};
	rootObject = 03A05CD52934E4A6007ED1FA /* Project object */;
}
